
Microsoft Visual Studio Solution File, Format Version 12.00
# Visual Studio Version 16
VisualStudioVersion = 16.0.31702.278
MinimumVisualStudioVersion = 10.0.40219.1
Project("{FAE04EC0-301F-11D3-BF4B-00C04F79EFBC}") = "MicrosoftCodilityExcercise", "MicrosoftCodilityExcercise.csproj", "{140968F9-24D9-4618-9DED-BB694FCC625E}"
EndProject
Global
	GlobalSection(SolutionConfigurationPlatforms) = preSolution
		Debug|Any CPU = Debug|Any CPU
		Release|Any CPU = Release|Any CPU
	EndGlobalSection
	GlobalSection(ProjectConfigurationPlatforms) = postSolution
		{140968F9-24D9-4618-9DED-BB694FCC625E}.Debug|Any CPU.ActiveCfg = Debug|Any CPU
		{140968F9-24D9-4618-9DED-BB694FCC625E}.Debug|Any CPU.Build.0 = Debug|Any CPU
		{140968F9-24D9-4618-9DED-BB694FCC625E}.Release|Any CPU.ActiveCfg = Release|Any CPU
		{140968F9-24D9-4618-9DED-BB694FCC625E}.Release|Any CPU.Build.0 = Release|Any CPU
	EndGlobalSection
	GlobalSection(SolutionProperties) = preSolution
		HideSolutionNode = FALSE
	EndGlobalSection
	GlobalSection(ExtensibilityGlobals) = postSolution
		SolutionGuid = {9C288926-F749-4713-A4FE-36E29642306C}
	EndGlobalSection
EndGlobal
